schema: '2.0'
stages:
  prepare:
    cmd: python src/prepare.py
    deps:
    - path: src/prepare.py
      hash: md5
      md5: f87b4eba835c0727c027ec66d0fcb1e2
      size: 1096
    - path: src/utils.py
      hash: md5
      md5: 7fefeaa528b778c3388a5f8081cf9e7d
      size: 4000
    params:
      params.yaml:
        prepare:
          data_dir: data/raw
    outs:
    - path: data/raw
      hash: md5
      md5: 639ea9ac2ed1be8803091fcf456620a4.dir
      size: 186124927
      nfiles: 27001
  train:
    cmd: python src/train.py
    deps:
    - path: data/raw
      hash: md5
      md5: 639ea9ac2ed1be8803091fcf456620a4.dir
      size: 186124927
      nfiles: 27001
    - path: src/dataset.py
      hash: md5
      md5: f134a1b54e6bddcaf8e0e2b99f973f09
      size: 3771
    - path: src/model.py
      hash: md5
      md5: c94ef9486752b0473ebd715f32694f6c
      size: 3072
    - path: src/train.py
      hash: md5
      md5: 5c1848db48615c931b8e5d9f64514f21
      size: 11333
    - path: src/utils.py
      hash: md5
      md5: ceb4e986a3107ff66cfe480d5c097705
      size: 4491
    params:
      params.yaml:
        data:
          val_split: 0.15
          test_split: 0.15
          image_size: 224
          num_workers: 2
          norm_mean:
          - 0.485
          - 0.456
          - 0.406
          norm_std:
          - 0.229
          - 0.224
          - 0.225
          augment:
            hflip_p: 0.5
            vflip_p: 0.5
            rotation_deg: 15
            jitter_brightness: 0.2
            jitter_contrast: 0.2
            jitter_saturation: 0.1
        model:
          arch: resnet18
          num_classes: 10
          pretrained: true
          dropout: 0.3
          unfreeze: last_block
        seed: 42
        train:
          epochs: 12
          lr: 0.01
          batch_size: 64
          weight_decay: 0.0001
          patience: 5
          scheduler_factor: 0.1
          scheduler_patience: 3
    outs:
    - path: models/best_model.pth
      hash: md5
      md5: 66eb9a48e7709fae9f973d5c76a74526
      size: 112009854
  evaluate:
    cmd: python src/evaluate.py
    deps:
    - path: data/raw
      hash: md5
      md5: 639ea9ac2ed1be8803091fcf456620a4.dir
      size: 186124927
      nfiles: 27001
    - path: models/best_model.pth
      hash: md5
      md5: 66eb9a48e7709fae9f973d5c76a74526
      size: 112009854
    - path: src/dataset.py
      hash: md5
      md5: f134a1b54e6bddcaf8e0e2b99f973f09
      size: 3771
    - path: src/evaluate.py
      hash: md5
      md5: 2057ed2ade0f5a1ee37eeee86bcf9f23
      size: 5548
    - path: src/model.py
      hash: md5
      md5: c94ef9486752b0473ebd715f32694f6c
      size: 3072
    - path: src/utils.py
      hash: md5
      md5: ceb4e986a3107ff66cfe480d5c097705
      size: 4491
    params:
      params.yaml:
        data:
          val_split: 0.15
          test_split: 0.15
          image_size: 224
          num_workers: 2
          norm_mean:
          - 0.485
          - 0.456
          - 0.406
          norm_std:
          - 0.229
          - 0.224
          - 0.225
          augment:
            hflip_p: 0.5
            vflip_p: 0.5
            rotation_deg: 15
            jitter_brightness: 0.2
            jitter_contrast: 0.2
            jitter_saturation: 0.1
        evaluate:
          batch_size: 64
        model:
          arch: resnet18
          num_classes: 10
          pretrained: true
          dropout: 0.3
          unfreeze: last_block
        seed: 42
    outs:
    - path: metrics/classification_report.txt
      hash: md5
      md5: 2369718d8e8531254aa4f904f418b53d
      size: 886
    - path: metrics/confusion_matrix.png
      hash: md5
      md5: 5af32ecb5a835c67bb34d693db5ac649
      size: 108372
    - path: metrics/metrics.json
      hash: md5
      md5: c3c950f94c1deb49eb6990f2991736b8
      size: 162
    - path: metrics/misclassified.png
      hash: md5
      md5: c131f69ca682fc78e5eb52383e98dc97
      size: 1411185
